
Microsoft Visual Studio Solution File, Format Version 12.00
# Visual Studio 14
VisualStudioVersion = 14.0.25420.1
MinimumVisualStudioVersion = 10.0.40219.1
Project("{FAE04EC0-301F-11D3-BF4B-00C04F79EFBC}") = "vhrm", "vhrm\vhrm.csproj", "{366022F1-525F-4C0F-A93C-462A9D97DAE2}"
EndProject
Project("{FAE04EC0-301F-11D3-BF4B-00C04F79EFBC}") = "vhrm_ver2", "vhrm_ver2\vhrm_ver2.csproj", "{18F58223-E1E8-4662-8495-1B6DE174D5CB}"
EndProject
Global
	GlobalSection(SolutionConfigurationPlatforms) = preSolution
		Debug|Any CPU = Debug|Any CPU
		Release|Any CPU = Release|Any CPU
	EndGlobalSection
	GlobalSection(ProjectConfigurationPlatforms) = postSolution
		{366022F1-525F-4C0F-A93C-462A9D97DAE2}.Debug|Any CPU.ActiveCfg = Debug|Any CPU
		{366022F1-525F-4C0F-A93C-462A9D97DAE2}.Debug|Any CPU.Build.0 = Debug|Any CPU
		{366022F1-525F-4C0F-A93C-462A9D97DAE2}.Release|Any CPU.ActiveCfg = Release|Any CPU
		{366022F1-525F-4C0F-A93C-462A9D97DAE2}.Release|Any CPU.Build.0 = Release|Any CPU
		{18F58223-E1E8-4662-8495-1B6DE174D5CB}.Debug|Any CPU.ActiveCfg = Debug|Any CPU
		{18F58223-E1E8-4662-8495-1B6DE174D5CB}.Debug|Any CPU.Build.0 = Debug|Any CPU
		{18F58223-E1E8-4662-8495-1B6DE174D5CB}.Release|Any CPU.ActiveCfg = Release|Any CPU
		{18F58223-E1E8-4662-8495-1B6DE174D5CB}.Release|Any CPU.Build.0 = Release|Any CPU
	EndGlobalSection
	GlobalSection(SolutionProperties) = preSolution
		HideSolutionNode = FALSE
	EndGlobalSection
EndGlobal
